
Microsoft Visual Studio Solution File, Format Version 12.00
# Visual Studio Version 16
VisualStudioVersion = 16.0.33423.256
MinimumVisualStudioVersion = 10.0.40219.1
Project("{FAE04EC0-301F-11D3-BF4B-00C04F79EFBC}") = "MiniWord_HuynhDucHung", "MiniWord_HuynhDucHung\MiniWord_HuynhDucHung.csproj", "{5FEA1781-6B15-425E-988F-1D83DA3285D2}"
EndProject
Global
	GlobalSection(SolutionConfigurationPlatforms) = preSolution
		Debug|Any CPU = Debug|Any CPU
		Release|Any CPU = Release|Any CPU
	EndGlobalSection
	GlobalSection(ProjectConfigurationPlatforms) = postSolution
		{5FEA1781-6B15-425E-988F-1D83DA3285D2}.Debug|Any CPU.ActiveCfg = Debug|Any CPU
		{5FEA1781-6B15-425E-988F-1D83DA3285D2}.Debug|Any CPU.Build.0 = Debug|Any CPU
		{5FEA1781-6B15-425E-988F-1D83DA3285D2}.Release|Any CPU.ActiveCfg = Release|Any CPU
		{5FEA1781-6B15-425E-988F-1D83DA3285D2}.Release|Any CPU.Build.0 = Release|Any CPU
	EndGlobalSection
	GlobalSection(SolutionProperties) = preSolution
		HideSolutionNode = FALSE
	EndGlobalSection
	GlobalSection(ExtensibilityGlobals) = postSolution
		SolutionGuid = {78452016-77AD-44F7-90E9-8C75E8D33875}
	EndGlobalSection
EndGlobal
